
Microsoft Visual Studio Solution File, Format Version 12.00
# Visual Studio Version 17
VisualStudioVersion = 17.5.33502.453
MinimumVisualStudioVersion = 10.0.40219.1
Project("{FAE04EC0-301F-11D3-BF4B-00C04F79EFBC}") = "Movie-Hub-Backend", "Movie-Hub-Backend.csproj", "{D6DEBF54-AD5B-4E9D-9A02-473CEB717B83}"
EndProject
Global
	GlobalSection(SolutionConfigurationPlatforms) = preSolution
		Debug|Any CPU = Debug|Any CPU
		Release|Any CPU = Release|Any CPU
	EndGlobalSection
	GlobalSection(ProjectConfigurationPlatforms) = postSolution
		{D6DEBF54-AD5B-4E9D-9A02-473CEB717B83}.Debug|Any CPU.ActiveCfg = Debug|Any CPU
		{D6DEBF54-AD5B-4E9D-9A02-473CEB717B83}.Debug|Any CPU.Build.0 = Debug|Any CPU
		{D6DEBF54-AD5B-4E9D-9A02-473CEB717B83}.Release|Any CPU.ActiveCfg = Release|Any CPU
		{D6DEBF54-AD5B-4E9D-9A02-473CEB717B83}.Release|Any CPU.Build.0 = Release|Any CPU
	EndGlobalSection
	GlobalSection(SolutionProperties) = preSolution
		HideSolutionNode = FALSE
	EndGlobalSection
	GlobalSection(ExtensibilityGlobals) = postSolution
		SolutionGuid = {D948324D-4559-48FA-B6B7-8D259698CBC3}
	EndGlobalSection
EndGlobal
